
Microsoft Visual Studio Solution File, Format Version 12.00
# Visual Studio 2013
VisualStudioVersion = 12.0.40629.0
MinimumVisualStudioVersion = 10.0.40219.1
Project("{8BC9CEB8-8B4A-11D0-8D11-00A0C91BC942}") = "TestGame123", "TestGame123\TestGame123.vcxproj", "{76A225BB-6155-47B7-ACAE-71870B5E7857}"
EndProject
Global
	GlobalSection(SolutionConfigurationPlatforms) = preSolution
		Debug|Win32 = Debug|Win32
		Release|Win32 = Release|Win32
	EndGlobalSection
	GlobalSection(ProjectConfigurationPlatforms) = postSolution
		{76A225BB-6155-47B7-ACAE-71870B5E7857}.Debug|Win32.ActiveCfg = Debug|Win32
		{76A225BB-6155-47B7-ACAE-71870B5E7857}.Debug|Win32.Build.0 = Debug|Win32
		{76A225BB-6155-47B7-ACAE-71870B5E7857}.Release|Win32.ActiveCfg = Release|Win32
		{76A225BB-6155-47B7-ACAE-71870B5E7857}.Release|Win32.Build.0 = Release|Win32
	EndGlobalSection
	GlobalSection(SolutionProperties) = preSolution
		HideSolutionNode = FALSE
	EndGlobalSection
EndGlobal
